
Microsoft Visual Studio Solution File, Format Version 12.00
# Visual Studio 15
VisualStudioVersion = 15.0.28307.1300
MinimumVisualStudioVersion = 10.0.40219.1
Project("{FAE04EC0-301F-11D3-BF4B-00C04F79EFBC}") = "WebApplication2", "WebApplication2\WebApplication2.csproj", "{E64B961E-69CC-4BA3-9B06-94D1E03EBC3F}"
EndProject
Global
	GlobalSection(SolutionConfigurationPlatforms) = preSolution
		Debug|Any CPU = Debug|Any CPU
		Release|Any CPU = Release|Any CPU
	EndGlobalSection
	GlobalSection(ProjectConfigurationPlatforms) = postSolution
		{E64B961E-69CC-4BA3-9B06-94D1E03EBC3F}.Debug|Any CPU.ActiveCfg = Debug|Any CPU
		{E64B961E-69CC-4BA3-9B06-94D1E03EBC3F}.Debug|Any CPU.Build.0 = Debug|Any CPU
		{E64B961E-69CC-4BA3-9B06-94D1E03EBC3F}.Release|Any CPU.ActiveCfg = Release|Any CPU
		{E64B961E-69CC-4BA3-9B06-94D1E03EBC3F}.Release|Any CPU.Build.0 = Release|Any CPU
	EndGlobalSection
	GlobalSection(SolutionProperties) = preSolution
		HideSolutionNode = FALSE
	EndGlobalSection
	GlobalSection(ExtensibilityGlobals) = postSolution
		SolutionGuid = {0E70F936-350B-46AD-9752-1366470D450E}
	EndGlobalSection
EndGlobal
